
Microsoft Visual Studio Solution File, Format Version 12.00
# Visual Studio Version 16
VisualStudioVersion = 16.0.30711.63
MinimumVisualStudioVersion = 10.0.40219.1
Project("{FAE04EC0-301F-11D3-BF4B-00C04F79EFBC}") = "MerkaDo_BACKEND", "MerkaDo_BACKEND\MerkaDo_BACKEND.csproj", "{07A11AED-F737-4E3F-97CC-BC0594C9A174}"
EndProject
Global
	GlobalSection(SolutionConfigurationPlatforms) = preSolution
		Debug|Any CPU = Debug|Any CPU
		Release|Any CPU = Release|Any CPU
	EndGlobalSection
	GlobalSection(ProjectConfigurationPlatforms) = postSolution
		{07A11AED-F737-4E3F-97CC-BC0594C9A174}.Debug|Any CPU.ActiveCfg = Debug|Any CPU
		{07A11AED-F737-4E3F-97CC-BC0594C9A174}.Debug|Any CPU.Build.0 = Debug|Any CPU
		{07A11AED-F737-4E3F-97CC-BC0594C9A174}.Release|Any CPU.ActiveCfg = Release|Any CPU
		{07A11AED-F737-4E3F-97CC-BC0594C9A174}.Release|Any CPU.Build.0 = Release|Any CPU
	EndGlobalSection
	GlobalSection(SolutionProperties) = preSolution
		HideSolutionNode = FALSE
	EndGlobalSection
	GlobalSection(ExtensibilityGlobals) = postSolution
		SolutionGuid = {231D9B8C-A447-4662-AF22-ED3E210105C3}
	EndGlobalSection
EndGlobal
